
Microsoft Visual Studio Solution File, Format Version 12.00
# Visual Studio Version 16
VisualStudioVersion = 16.0.30503.244
MinimumVisualStudioVersion = 10.0.40219.1
Project("{2150E333-8FDC-42A3-9474-1A3956D46DE8}") = "Services", "Services", "{D450F987-7D4A-4463-B9B0-025374AB2DA7}"
EndProject
Project("{2150E333-8FDC-42A3-9474-1A3956D46DE8}") = "Auth", "Auth", "{28769D42-D00F-4975-8541-28E9656775B9}"
EndProject
Project("{9A19103F-16F7-4668-BE54-9A1E7A4F7556}") = "AirAstana.Auth.Api", "Services\Auth\AirAstana.Auth.Api\AirAstana.Auth.Api.csproj", "{45363AA1-215B-4182-834F-8C5EB2B9EDA4}"
EndProject
Project("{9A19103F-16F7-4668-BE54-9A1E7A4F7556}") = "AirAstana.Auth.Api.Models", "Services\Auth\AirAstana.Auth.Api.Models\AirAstana.Auth.Api.Models.csproj", "{E67C82A6-CE3C-4B58-9BFC-135408009A5D}"
EndProject
Project("{9A19103F-16F7-4668-BE54-9A1E7A4F7556}") = "AirAstana.Auth.Service", "Services\Auth\AirAstana.Auth.Service\AirAstana.Auth.Service.csproj", "{BE618832-3A70-44C2-8F51-9F1812580FEC}"
EndProject
Project("{9A19103F-16F7-4668-BE54-9A1E7A4F7556}") = "AirAstana.Auth.Options", "Services\Auth\AirAstana.Auth.Options\AirAstana.Auth.Options.csproj", "{54D76B87-BA66-4527-AE85-2DC9D4B12F24}"
EndProject
Project("{9A19103F-16F7-4668-BE54-9A1E7A4F7556}") = "AirAstana.Auth.Data", "Services\Auth\AirAstana.Auth.Data\AirAstana.Auth.Data.csproj", "{522B91C3-4E1E-4B85-BB44-DC9C5FE35A58}"
EndProject
Project("{2150E333-8FDC-42A3-9474-1A3956D46DE8}") = "Shared", "Shared", "{EDB8749A-B423-4E03-99F4-B04AB746F70A}"
EndProject
Project("{9A19103F-16F7-4668-BE54-9A1E7A4F7556}") = "AirAstana.Shared", "Shared\AirAstana.Shared\AirAstana.Shared.csproj", "{224C8FFA-AE4B-4A09-A547-EE9001E85276}"
EndProject
Project("{2150E333-8FDC-42A3-9474-1A3956D46DE8}") = "Flights", "Flights", "{232830AD-701C-42F4-9EA5-D4F311F78E94}"
EndProject
Project("{2150E333-8FDC-42A3-9474-1A3956D46DE8}") = "Domain", "Domain", "{CB8936CE-F3F5-46E4-89C0-8F64A5EE3929}"
EndProject
Project("{9A19103F-16F7-4668-BE54-9A1E7A4F7556}") = "AirAstana.Flights.Domain", "Services\Flights\AirAstana.Flights.Domain\AirAstana.Flights.Domain.csproj", "{60714267-6FB3-4724-848C-8C1AA4E65D4A}"
EndProject
Project("{2150E333-8FDC-42A3-9474-1A3956D46DE8}") = "Data", "Data", "{22CE281D-D67B-4C46-850C-F5D8429DEF4A}"
EndProject
Project("{9A19103F-16F7-4668-BE54-9A1E7A4F7556}") = "AirAstana.Flights.Data", "Services\Flights\AirAstana.Flights.Data\AirAstana.Flights.Data.csproj", "{E251F344-3938-4D49-A4AF-E08F66D4EDD8}"
EndProject
Project("{9A19103F-16F7-4668-BE54-9A1E7A4F7556}") = "AirAstana.Flights.Data.InMemory", "Services\Flights\AirAstana.Flights.Data.InMemory\AirAstana.Flights.Data.InMemory.csproj", "{A7BFE48C-9B74-4AC7-BA0C-95A010904B97}"
EndProject
Project("{2150E333-8FDC-42A3-9474-1A3956D46DE8}") = "Tests", "Tests", "{E0F29544-8DC4-43F9-B542-EE0CD1D119AD}"
EndProject
Project("{9A19103F-16F7-4668-BE54-9A1E7A4F7556}") = "AirAstana.Flights.Data.UnitTests", "Services\Flights\Tests\AirAstana.Flights.Data.UnitTests\AirAstana.Flights.Data.UnitTests.csproj", "{0F544C94-9965-4401-8844-B3498805E998}"
EndProject
Project("{9A19103F-16F7-4668-BE54-9A1E7A4F7556}") = "AirAstana.Flights.Data.SqlServer", "Services\Flights\AirAstana.Flights.Data.SqlServer\AirAstana.Flights.Data.SqlServer.csproj", "{C0AA2838-5216-4024-84FE-5610615485BA}"
EndProject
Project("{2150E333-8FDC-42A3-9474-1A3956D46DE8}") = "ApplicationCore", "ApplicationCore", "{80E0CA5A-48A5-498D-8FEB-7944C5B6EF3C}"
EndProject
Project("{9A19103F-16F7-4668-BE54-9A1E7A4F7556}") = "AirAstana.Flights.Core", "Services\Flights\AirAstana.Flights.Core\AirAstana.Flights.Core.csproj", "{0FD5973A-2009-4E44-A8FE-AC0F0E64E711}"
EndProject
Project("{9A19103F-16F7-4668-BE54-9A1E7A4F7556}") = "AirAstana.Flights.Core.Autofac", "Services\Flights\AirAstana.Flights.Core.Autofac\AirAstana.Flights.Core.Autofac.csproj", "{4ACD1E48-F336-43B1-8AFD-71584ED841F4}"
EndProject
Project("{9A19103F-16F7-4668-BE54-9A1E7A4F7556}") = "AirAstana.Flights.Data.Autofac", "Services\Flights\AirAstana.Flights.Data.Autofac\AirAstana.Flights.Data.Autofac.csproj", "{C1AAB4C3-0493-4F96-9442-B72021382692}"
EndProject
Project("{9A19103F-16F7-4668-BE54-9A1E7A4F7556}") = "AirAstana.Flights.Options", "Services\Flights\AirAstana.Flights.Options\AirAstana.Flights.Options.csproj", "{53CDBA8D-D8EF-4A2A-97F5-0DAC04C56210}"
EndProject
Project("{2150E333-8FDC-42A3-9474-1A3956D46DE8}") = "Api", "Api", "{2052CF5C-32BB-45A5-AA71-305E928F9A1D}"
EndProject
Project("{9A19103F-16F7-4668-BE54-9A1E7A4F7556}") = "AirAstana.Flights.Api", "Services\Flights\AirAstana.Flights.Api\AirAstana.Flights.Api.csproj", "{8DA4DFB7-8034-4446-96FA-BF98ED126F01}"
EndProject
Project("{9A19103F-16F7-4668-BE54-9A1E7A4F7556}") = "AirAstana.Flights.Api.Models", "Services\Flights\AirAstana.Flights.Api.Models\AirAstana.Flights.Api.Models.csproj", "{73BC1187-52BC-4C2F-8AD1-DFDFFE56CE19}"
EndProject
Project("{9A19103F-16F7-4668-BE54-9A1E7A4F7556}") = "AirAstana.Auth.Constants", "Services\Auth\AirAstana.Auth.Constants\AirAstana.Auth.Constants.csproj", "{42E3E4A7-0C72-4B5F-99DC-F604F105C38D}"
EndProject
Project("{9A19103F-16F7-4668-BE54-9A1E7A4F7556}") = "AirAstana.Auth.Api.Client", "Services\Auth\AirAstana.Auth.Api.Client\AirAstana.Auth.Api.Client.csproj", "{6AF0C699-CBA1-478E-BCF3-1209C1047F32}"
EndProject
Project("{9A19103F-16F7-4668-BE54-9A1E7A4F7556}") = "AirAstana.Auth.Api.Client.Http", "Services\Auth\AirAstana.Auth.Api.Client.Http\AirAstana.Auth.Api.Client.Http.csproj", "{8CBFA83B-FC48-40A1-A21D-069AF51C7407}"
EndProject
Project("{2150E333-8FDC-42A3-9474-1A3956D46DE8}") = "Api", "Api", "{3A7B3D3B-0C1F-4E54-AD06-3F2B0AC7F754}"
EndProject
Project("{2150E333-8FDC-42A3-9474-1A3956D46DE8}") = "Shared", "Shared", "{2B82B459-8874-40A3-A204-BBE24C22D2D2}"
EndProject
Project("{2150E333-8FDC-42A3-9474-1A3956D46DE8}") = "Data", "Data", "{208B9086-2B80-4F24-BF42-00DDE189BD30}"
EndProject
Project("{9A19103F-16F7-4668-BE54-9A1E7A4F7556}") = "AirAstana.Flights.Service", "Services\Flights\AirAstana.Flights.Service\AirAstana.Flights.Service.csproj", "{9052CD9D-EB32-470E-8907-F05AC9A4DF7A}"
EndProject
Project("{2150E333-8FDC-42A3-9474-1A3956D46DE8}") = "Shared", "Shared", "{C4E319C5-C013-493A-9150-A604C64D9AAC}"
EndProject
Project("{9A19103F-16F7-4668-BE54-9A1E7A4F7556}") = "AirAstana.Flights.Api.Client", "Services\Flights\AirAstana.Flights.Api.Client\AirAstana.Flights.Api.Client.csproj", "{705A0887-09EB-4DC3-A344-132605C69F91}"
EndProject
Project("{9A19103F-16F7-4668-BE54-9A1E7A4F7556}") = "AirAstana.Flights.Api.Client.Http", "Services\Flights\AirAstana.Flights.Api.Client.Http\AirAstana.Flights.Api.Client.Http.csproj", "{35ECB25E-9979-4BFD-84A5-0622D3AA5765}"
EndProject
Global
	GlobalSection(SolutionConfigurationPlatforms) = preSolution
		Debug|Any CPU = Debug|Any CPU
		Release|Any CPU = Release|Any CPU
	EndGlobalSection
	GlobalSection(ProjectConfigurationPlatforms) = postSolution
		{45363AA1-215B-4182-834F-8C5EB2B9EDA4}.Debug|Any CPU.ActiveCfg = Debug|Any CPU
		{45363AA1-215B-4182-834F-8C5EB2B9EDA4}.Debug|Any CPU.Build.0 = Debug|Any CPU
		{45363AA1-215B-4182-834F-8C5EB2B9EDA4}.Release|Any CPU.ActiveCfg = Release|Any CPU
		{45363AA1-215B-4182-834F-8C5EB2B9EDA4}.Release|Any CPU.Build.0 = Release|Any CPU
		{E67C82A6-CE3C-4B58-9BFC-135408009A5D}.Debug|Any CPU.ActiveCfg = Debug|Any CPU
		{E67C82A6-CE3C-4B58-9BFC-135408009A5D}.Debug|Any CPU.Build.0 = Debug|Any CPU
		{E67C82A6-CE3C-4B58-9BFC-135408009A5D}.Release|Any CPU.ActiveCfg = Release|Any CPU
		{E67C82A6-CE3C-4B58-9BFC-135408009A5D}.Release|Any CPU.Build.0 = Release|Any CPU
		{BE618832-3A70-44C2-8F51-9F1812580FEC}.Debug|Any CPU.ActiveCfg = Debug|Any CPU
		{BE618832-3A70-44C2-8F51-9F1812580FEC}.Debug|Any CPU.Build.0 = Debug|Any CPU
		{BE618832-3A70-44C2-8F51-9F1812580FEC}.Release|Any CPU.ActiveCfg = Release|Any CPU
		{BE618832-3A70-44C2-8F51-9F1812580FEC}.Release|Any CPU.Build.0 = Release|Any CPU
		{54D76B87-BA66-4527-AE85-2DC9D4B12F24}.Debug|Any CPU.ActiveCfg = Debug|Any CPU
		{54D76B87-BA66-4527-AE85-2DC9D4B12F24}.Debug|Any CPU.Build.0 = Debug|Any CPU
		{54D76B87-BA66-4527-AE85-2DC9D4B12F24}.Release|Any CPU.ActiveCfg = Release|Any CPU
		{54D76B87-BA66-4527-AE85-2DC9D4B12F24}.Release|Any CPU.Build.0 = Release|Any CPU
		{522B91C3-4E1E-4B85-BB44-DC9C5FE35A58}.Debug|Any CPU.ActiveCfg = Debug|Any CPU
		{522B91C3-4E1E-4B85-BB44-DC9C5FE35A58}.Debug|Any CPU.Build.0 = Debug|Any CPU
		{522B91C3-4E1E-4B85-BB44-DC9C5FE35A58}.Release|Any CPU.ActiveCfg = Release|Any CPU
		{522B91C3-4E1E-4B85-BB44-DC9C5FE35A58}.Release|Any CPU.Build.0 = Release|Any CPU
		{224C8FFA-AE4B-4A09-A547-EE9001E85276}.Debug|Any CPU.ActiveCfg = Debug|Any CPU
		{224C8FFA-AE4B-4A09-A547-EE9001E85276}.Debug|Any CPU.Build.0 = Debug|Any CPU
		{224C8FFA-AE4B-4A09-A547-EE9001E85276}.Release|Any CPU.ActiveCfg = Release|Any CPU
		{224C8FFA-AE4B-4A09-A547-EE9001E85276}.Release|Any CPU.Build.0 = Release|Any CPU
		{60714267-6FB3-4724-848C-8C1AA4E65D4A}.Debug|Any CPU.ActiveCfg = Debug|Any CPU
		{60714267-6FB3-4724-848C-8C1AA4E65D4A}.Debug|Any CPU.Build.0 = Debug|Any CPU
		{60714267-6FB3-4724-848C-8C1AA4E65D4A}.Release|Any CPU.ActiveCfg = Release|Any CPU
		{60714267-6FB3-4724-848C-8C1AA4E65D4A}.Release|Any CPU.Build.0 = Release|Any CPU
		{E251F344-3938-4D49-A4AF-E08F66D4EDD8}.Debug|Any CPU.ActiveCfg = Debug|Any CPU
		{E251F344-3938-4D49-A4AF-E08F66D4EDD8}.Debug|Any CPU.Build.0 = Debug|Any CPU
		{E251F344-3938-4D49-A4AF-E08F66D4EDD8}.Release|Any CPU.ActiveCfg = Release|Any CPU
		{E251F344-3938-4D49-A4AF-E08F66D4EDD8}.Release|Any CPU.Build.0 = Release|Any CPU
		{A7BFE48C-9B74-4AC7-BA0C-95A010904B97}.Debug|Any CPU.ActiveCfg = Debug|Any CPU
		{A7BFE48C-9B74-4AC7-BA0C-95A010904B97}.Debug|Any CPU.Build.0 = Debug|Any CPU
		{A7BFE48C-9B74-4AC7-BA0C-95A010904B97}.Release|Any CPU.ActiveCfg = Release|Any CPU
		{A7BFE48C-9B74-4AC7-BA0C-95A010904B97}.Release|Any CPU.Build.0 = Release|Any CPU
		{0F544C94-9965-4401-8844-B3498805E998}.Debug|Any CPU.ActiveCfg = Debug|Any CPU
		{0F544C94-9965-4401-8844-B3498805E998}.Debug|Any CPU.Build.0 = Debug|Any CPU
		{0F544C94-9965-4401-8844-B3498805E998}.Release|Any CPU.ActiveCfg = Release|Any CPU
		{0F544C94-9965-4401-8844-B3498805E998}.Release|Any CPU.Build.0 = Release|Any CPU
		{C0AA2838-5216-4024-84FE-5610615485BA}.Debug|Any CPU.ActiveCfg = Debug|Any CPU
		{C0AA2838-5216-4024-84FE-5610615485BA}.Debug|Any CPU.Build.0 = Debug|Any CPU
		{C0AA2838-5216-4024-84FE-5610615485BA}.Release|Any CPU.ActiveCfg = Release|Any CPU
		{C0AA2838-5216-4024-84FE-5610615485BA}.Release|Any CPU.Build.0 = Release|Any CPU
		{0FD5973A-2009-4E44-A8FE-AC0F0E64E711}.Debug|Any CPU.ActiveCfg = Debug|Any CPU
		{0FD5973A-2009-4E44-A8FE-AC0F0E64E711}.Debug|Any CPU.Build.0 = Debug|Any CPU
		{0FD5973A-2009-4E44-A8FE-AC0F0E64E711}.Release|Any CPU.ActiveCfg = Release|Any CPU
		{0FD5973A-2009-4E44-A8FE-AC0F0E64E711}.Release|Any CPU.Build.0 = Release|Any CPU
		{4ACD1E48-F336-43B1-8AFD-71584ED841F4}.Debug|Any CPU.ActiveCfg = Debug|Any CPU
		{4ACD1E48-F336-43B1-8AFD-71584ED841F4}.Debug|Any CPU.Build.0 = Debug|Any CPU
		{4ACD1E48-F336-43B1-8AFD-71584ED841F4}.Release|Any CPU.ActiveCfg = Release|Any CPU
		{4ACD1E48-F336-43B1-8AFD-71584ED841F4}.Release|Any CPU.Build.0 = Release|Any CPU
		{C1AAB4C3-0493-4F96-9442-B72021382692}.Debug|Any CPU.ActiveCfg = Debug|Any CPU
		{C1AAB4C3-0493-4F96-9442-B72021382692}.Debug|Any CPU.Build.0 = Debug|Any CPU
		{C1AAB4C3-0493-4F96-9442-B72021382692}.Release|Any CPU.ActiveCfg = Release|Any CPU
		{C1AAB4C3-0493-4F96-9442-B72021382692}.Release|Any CPU.Build.0 = Release|Any CPU
		{53CDBA8D-D8EF-4A2A-97F5-0DAC04C56210}.Debug|Any CPU.ActiveCfg = Debug|Any CPU
		{53CDBA8D-D8EF-4A2A-97F5-0DAC04C56210}.Debug|Any CPU.Build.0 = Debug|Any CPU
		{53CDBA8D-D8EF-4A2A-97F5-0DAC04C56210}.Release|Any CPU.ActiveCfg = Release|Any CPU
		{53CDBA8D-D8EF-4A2A-97F5-0DAC04C56210}.Release|Any CPU.Build.0 = Release|Any CPU
		{8DA4DFB7-8034-4446-96FA-BF98ED126F01}.Debug|Any CPU.ActiveCfg = Debug|Any CPU
		{8DA4DFB7-8034-4446-96FA-BF98ED126F01}.Debug|Any CPU.Build.0 = Debug|Any CPU
		{8DA4DFB7-8034-4446-96FA-BF98ED126F01}.Release|Any CPU.ActiveCfg = Release|Any CPU
		{8DA4DFB7-8034-4446-96FA-BF98ED126F01}.Release|Any CPU.Build.0 = Release|Any CPU
		{73BC1187-52BC-4C2F-8AD1-DFDFFE56CE19}.Debug|Any CPU.ActiveCfg = Debug|Any CPU
		{73BC1187-52BC-4C2F-8AD1-DFDFFE56CE19}.Debug|Any CPU.Build.0 = Debug|Any CPU
		{73BC1187-52BC-4C2F-8AD1-DFDFFE56CE19}.Release|Any CPU.ActiveCfg = Release|Any CPU
		{73BC1187-52BC-4C2F-8AD1-DFDFFE56CE19}.Release|Any CPU.Build.0 = Release|Any CPU
		{42E3E4A7-0C72-4B5F-99DC-F604F105C38D}.Debug|Any CPU.ActiveCfg = Debug|Any CPU
		{42E3E4A7-0C72-4B5F-99DC-F604F105C38D}.Debug|Any CPU.Build.0 = Debug|Any CPU
		{42E3E4A7-0C72-4B5F-99DC-F604F105C38D}.Release|Any CPU.ActiveCfg = Release|Any CPU
		{42E3E4A7-0C72-4B5F-99DC-F604F105C38D}.Release|Any CPU.Build.0 = Release|Any CPU
		{6AF0C699-CBA1-478E-BCF3-1209C1047F32}.Debug|Any CPU.ActiveCfg = Debug|Any CPU
		{6AF0C699-CBA1-478E-BCF3-1209C1047F32}.Debug|Any CPU.Build.0 = Debug|Any CPU
		{6AF0C699-CBA1-478E-BCF3-1209C1047F32}.Release|Any CPU.ActiveCfg = Release|Any CPU
		{6AF0C699-CBA1-478E-BCF3-1209C1047F32}.Release|Any CPU.Build.0 = Release|Any CPU
		{8CBFA83B-FC48-40A1-A21D-069AF51C7407}.Debug|Any CPU.ActiveCfg = Debug|Any CPU
		{8CBFA83B-FC48-40A1-A21D-069AF51C7407}.Debug|Any CPU.Build.0 = Debug|Any CPU
		{8CBFA83B-FC48-40A1-A21D-069AF51C7407}.Release|Any CPU.ActiveCfg = Release|Any CPU
		{8CBFA83B-FC48-40A1-A21D-069AF51C7407}.Release|Any CPU.Build.0 = Release|Any CPU
		{9052CD9D-EB32-470E-8907-F05AC9A4DF7A}.Debug|Any CPU.ActiveCfg = Debug|Any CPU
		{9052CD9D-EB32-470E-8907-F05AC9A4DF7A}.Debug|Any CPU.Build.0 = Debug|Any CPU
		{9052CD9D-EB32-470E-8907-F05AC9A4DF7A}.Release|Any CPU.ActiveCfg = Release|Any CPU
		{9052CD9D-EB32-470E-8907-F05AC9A4DF7A}.Release|Any CPU.Build.0 = Release|Any CPU
		{705A0887-09EB-4DC3-A344-132605C69F91}.Debug|Any CPU.ActiveCfg = Debug|Any CPU
		{705A0887-09EB-4DC3-A344-132605C69F91}.Debug|Any CPU.Build.0 = Debug|Any CPU
		{705A0887-09EB-4DC3-A344-132605C69F91}.Release|Any CPU.ActiveCfg = Release|Any CPU
		{705A0887-09EB-4DC3-A344-132605C69F91}.Release|Any CPU.Build.0 = Release|Any CPU
		{35ECB25E-9979-4BFD-84A5-0622D3AA5765}.Debug|Any CPU.ActiveCfg = Debug|Any CPU
		{35ECB25E-9979-4BFD-84A5-0622D3AA5765}.Debug|Any CPU.Build.0 = Debug|Any CPU
		{35ECB25E-9979-4BFD-84A5-0622D3AA5765}.Release|Any CPU.ActiveCfg = Release|Any CPU
		{35ECB25E-9979-4BFD-84A5-0622D3AA5765}.Release|Any CPU.Build.0 = Release|Any CPU
	EndGlobalSection
	GlobalSection(SolutionProperties) = preSolution
		HideSolutionNode = FALSE
	EndGlobalSection
	GlobalSection(NestedProjects) = preSolution
		{28769D42-D00F-4975-8541-28E9656775B9} = {D450F987-7D4A-4463-B9B0-025374AB2DA7}
		{45363AA1-215B-4182-834F-8C5EB2B9EDA4} = {3A7B3D3B-0C1F-4E54-AD06-3F2B0AC7F754}
		{E67C82A6-CE3C-4B58-9BFC-135408009A5D} = {2B82B459-8874-40A3-A204-BBE24C22D2D2}
		{BE618832-3A70-44C2-8F51-9F1812580FEC} = {28769D42-D00F-4975-8541-28E9656775B9}
		{54D76B87-BA66-4527-AE85-2DC9D4B12F24} = {2B82B459-8874-40A3-A204-BBE24C22D2D2}
		{522B91C3-4E1E-4B85-BB44-DC9C5FE35A58} = {208B9086-2B80-4F24-BF42-00DDE189BD30}
		{224C8FFA-AE4B-4A09-A547-EE9001E85276} = {EDB8749A-B423-4E03-99F4-B04AB746F70A}
		{232830AD-701C-42F4-9EA5-D4F311F78E94} = {D450F987-7D4A-4463-B9B0-025374AB2DA7}
		{CB8936CE-F3F5-46E4-89C0-8F64A5EE3929} = {232830AD-701C-42F4-9EA5-D4F311F78E94}
		{60714267-6FB3-4724-848C-8C1AA4E65D4A} = {CB8936CE-F3F5-46E4-89C0-8F64A5EE3929}
		{22CE281D-D67B-4C46-850C-F5D8429DEF4A} = {232830AD-701C-42F4-9EA5-D4F311F78E94}
		{E251F344-3938-4D49-A4AF-E08F66D4EDD8} = {22CE281D-D67B-4C46-850C-F5D8429DEF4A}
		{A7BFE48C-9B74-4AC7-BA0C-95A010904B97} = {22CE281D-D67B-4C46-850C-F5D8429DEF4A}
		{E0F29544-8DC4-43F9-B542-EE0CD1D119AD} = {232830AD-701C-42F4-9EA5-D4F311F78E94}
		{0F544C94-9965-4401-8844-B3498805E998} = {E0F29544-8DC4-43F9-B542-EE0CD1D119AD}
		{C0AA2838-5216-4024-84FE-5610615485BA} = {22CE281D-D67B-4C46-850C-F5D8429DEF4A}
		{80E0CA5A-48A5-498D-8FEB-7944C5B6EF3C} = {232830AD-701C-42F4-9EA5-D4F311F78E94}
		{0FD5973A-2009-4E44-A8FE-AC0F0E64E711} = {80E0CA5A-48A5-498D-8FEB-7944C5B6EF3C}
		{4ACD1E48-F336-43B1-8AFD-71584ED841F4} = {80E0CA5A-48A5-498D-8FEB-7944C5B6EF3C}
		{C1AAB4C3-0493-4F96-9442-B72021382692} = {22CE281D-D67B-4C46-850C-F5D8429DEF4A}
		{53CDBA8D-D8EF-4A2A-97F5-0DAC04C56210} = {C4E319C5-C013-493A-9150-A604C64D9AAC}
		{2052CF5C-32BB-45A5-AA71-305E928F9A1D} = {232830AD-701C-42F4-9EA5-D4F311F78E94}
		{8DA4DFB7-8034-4446-96FA-BF98ED126F01} = {2052CF5C-32BB-45A5-AA71-305E928F9A1D}
		{73BC1187-52BC-4C2F-8AD1-DFDFFE56CE19} = {C4E319C5-C013-493A-9150-A604C64D9AAC}
		{42E3E4A7-0C72-4B5F-99DC-F604F105C38D} = {2B82B459-8874-40A3-A204-BBE24C22D2D2}
		{6AF0C699-CBA1-478E-BCF3-1209C1047F32} = {2B82B459-8874-40A3-A204-BBE24C22D2D2}
		{8CBFA83B-FC48-40A1-A21D-069AF51C7407} = {2B82B459-8874-40A3-A204-BBE24C22D2D2}
		{3A7B3D3B-0C1F-4E54-AD06-3F2B0AC7F754} = {28769D42-D00F-4975-8541-28E9656775B9}
		{2B82B459-8874-40A3-A204-BBE24C22D2D2} = {28769D42-D00F-4975-8541-28E9656775B9}
		{208B9086-2B80-4F24-BF42-00DDE189BD30} = {28769D42-D00F-4975-8541-28E9656775B9}
		{9052CD9D-EB32-470E-8907-F05AC9A4DF7A} = {232830AD-701C-42F4-9EA5-D4F311F78E94}
		{C4E319C5-C013-493A-9150-A604C64D9AAC} = {232830AD-701C-42F4-9EA5-D4F311F78E94}
		{705A0887-09EB-4DC3-A344-132605C69F91} = {C4E319C5-C013-493A-9150-A604C64D9AAC}
		{35ECB25E-9979-4BFD-84A5-0622D3AA5765} = {C4E319C5-C013-493A-9150-A604C64D9AAC}
	EndGlobalSection
	GlobalSection(ExtensibilityGlobals) = postSolution
		SolutionGuid = {D273FF58-B7B8-4208-BD66-79BF76404633}
	EndGlobalSection
EndGlobal
