
Microsoft Visual Studio Solution File, Format Version 12.00
# Visual Studio Version 16
VisualStudioVersion = 16.0.30503.244
MinimumVisualStudioVersion = 10.0.40219.1
Project("{2150E333-8FDC-42A3-9474-1A3956D46DE8}") = "Services", "Services", "{D450F987-7D4A-4463-B9B0-025374AB2DA7}"
EndProject
Project("{2150E333-8FDC-42A3-9474-1A3956D46DE8}") = "Auth", "Auth", "{28769D42-D00F-4975-8541-28E9656775B9}"
EndProject
Project("{9A19103F-16F7-4668-BE54-9A1E7A4F7556}") = "AirAstana.Auth.Api", "Services\Auth\AirAstana.Auth.Api\AirAstana.Auth.Api.csproj", "{45363AA1-215B-4182-834F-8C5EB2B9EDA4}"
EndProject
Project("{9A19103F-16F7-4668-BE54-9A1E7A4F7556}") = "AirAstana.Auth.Api.Models", "Services\Auth\AirAstana.Auth.Api.Models\AirAstana.Auth.Api.Models.csproj", "{E67C82A6-CE3C-4B58-9BFC-135408009A5D}"
EndProject
Project("{9A19103F-16F7-4668-BE54-9A1E7A4F7556}") = "AirAstana.Auth.Service", "Services\Auth\AirAstana.Auth.Service\AirAstana.Auth.Service.csproj", "{BE618832-3A70-44C2-8F51-9F1812580FEC}"
EndProject
Project("{9A19103F-16F7-4668-BE54-9A1E7A4F7556}") = "AirAstana.Auth.Identity", "Services\Auth\AirAstana.Auth.Identity\AirAstana.Auth.Identity.csproj", "{731DA113-FFD1-4B8E-B581-BAB7C55A364E}"
EndProject
Project("{9A19103F-16F7-4668-BE54-9A1E7A4F7556}") = "AirAstana.Auth.Infrastructure", "Services\Auth\AirAstana.Auth.Infrastructure\AirAstana.Auth.Infrastructure.csproj", "{D7067F61-2B19-4DE6-9367-0375940F0D1D}"
EndProject
Project("{9A19103F-16F7-4668-BE54-9A1E7A4F7556}") = "AirAstana.Auth.Core", "Services\Auth\AirAstana.Auth.Core\AirAstana.Auth.Core.csproj", "{C523715D-AEFC-4DB3-AB26-9EADAF309A2C}"
EndProject
Project("{9A19103F-16F7-4668-BE54-9A1E7A4F7556}") = "AirAstana.Auth.Options", "Services\Auth\AirAstana.Auth.Options\AirAstana.Auth.Options.csproj", "{54D76B87-BA66-4527-AE85-2DC9D4B12F24}"
EndProject
Project("{9A19103F-16F7-4668-BE54-9A1E7A4F7556}") = "AirAstana.Auth.Infrastructure.UnitTests", "Services\Auth\Tests\AirAstana.Auth.Infrastructure.UnitTests\AirAstana.Auth.Infrastructure.UnitTests.csproj", "{69C9501B-DE7A-417D-881C-C9A9818575C3}"
EndProject
Project("{2150E333-8FDC-42A3-9474-1A3956D46DE8}") = "Tests", "Tests", "{D20C4C35-83EF-4D5B-814F-34BB12B3A1B1}"
EndProject
Project("{2150E333-8FDC-42A3-9474-1A3956D46DE8}") = "Api", "Api", "{B7A2346E-0C49-4626-BA0F-A322A8A8502B}"
EndProject
Project("{2150E333-8FDC-42A3-9474-1A3956D46DE8}") = "Infrastructure", "Infrastructure", "{5FCCCC89-63F6-447F-AE9F-35AB7E62CD0D}"
EndProject
Project("{2150E333-8FDC-42A3-9474-1A3956D46DE8}") = "ApplicationCore", "ApplicationCore", "{09CB8E95-1A21-4E95-BDCC-6E77BE39D4D5}"
EndProject
Project("{2150E333-8FDC-42A3-9474-1A3956D46DE8}") = "Shared", "Shared", "{27C1564B-FF1B-458F-AA97-C4E9FAD307AA}"
EndProject
Project("{2150E333-8FDC-42A3-9474-1A3956D46DE8}") = "Data", "Data", "{1428D79F-79D7-4DFB-831A-A27D928568A2}"
EndProject
Project("{9A19103F-16F7-4668-BE54-9A1E7A4F7556}") = "AirAstana.Auth.Data", "Services\Auth\AirAstana.Auth.Data\AirAstana.Auth.Data.csproj", "{522B91C3-4E1E-4B85-BB44-DC9C5FE35A58}"
EndProject
Project("{2150E333-8FDC-42A3-9474-1A3956D46DE8}") = "Domain", "Domain", "{B96FF09B-4D46-46E1-B7DB-9F5AD6D2B0E9}"
EndProject
Project("{9A19103F-16F7-4668-BE54-9A1E7A4F7556}") = "AirAstana.Auth.Domain", "Services\Auth\AirAstana.Auth.Domain\AirAstana.Auth.Domain.csproj", "{FB9D3559-0C04-41CE-AB0B-2403D81A212F}"
EndProject
Project("{2150E333-8FDC-42A3-9474-1A3956D46DE8}") = "Shared", "Shared", "{EDB8749A-B423-4E03-99F4-B04AB746F70A}"
EndProject
Project("{9A19103F-16F7-4668-BE54-9A1E7A4F7556}") = "AirAstana.Shared", "Shared\AirAstana.Shared\AirAstana.Shared.csproj", "{224C8FFA-AE4B-4A09-A547-EE9001E85276}"
EndProject
Project("{9A19103F-16F7-4668-BE54-9A1E7A4F7556}") = "AirAstana.Auth.Data.UnitTests", "Services\Auth\Tests\AirAstana.Auth.Data.UnitTests\AirAstana.Auth.Data.UnitTests.csproj", "{44756246-7B05-4D05-995A-2BB9C3D87DE0}"
EndProject
Project("{9A19103F-16F7-4668-BE54-9A1E7A4F7556}") = "AirAstana.Auth.Data.InMemory", "Services\Auth\AirAstana.Auth.Data.InMemory\AirAstana.Auth.Data.InMemory.csproj", "{BBA58736-38DF-4C95-B714-10B5D9252E2F}"
EndProject
Project("{9A19103F-16F7-4668-BE54-9A1E7A4F7556}") = "AirAstana.Auth.Data.SqlServer", "Services\Auth\AirAstana.Auth.Data.SqlServer\AirAstana.Auth.Data.SqlServer.csproj", "{B55EF3C9-D5BD-401D-A384-6C0AFEE69740}"
EndProject
Project("{2150E333-8FDC-42A3-9474-1A3956D46DE8}") = "Flights", "Flights", "{232830AD-701C-42F4-9EA5-D4F311F78E94}"
EndProject
Project("{2150E333-8FDC-42A3-9474-1A3956D46DE8}") = "Domain", "Domain", "{CB8936CE-F3F5-46E4-89C0-8F64A5EE3929}"
EndProject
Project("{9A19103F-16F7-4668-BE54-9A1E7A4F7556}") = "AirAstana.Flights.Domain", "Services\Flights\AirAstana.Flights.Domain\AirAstana.Flights.Domain.csproj", "{60714267-6FB3-4724-848C-8C1AA4E65D4A}"
EndProject
Project("{2150E333-8FDC-42A3-9474-1A3956D46DE8}") = "Data", "Data", "{22CE281D-D67B-4C46-850C-F5D8429DEF4A}"
EndProject
Project("{9A19103F-16F7-4668-BE54-9A1E7A4F7556}") = "AirAstana.Flights.Data", "Services\Flights\AirAstana.Flights.Data\AirAstana.Flights.Data.csproj", "{E251F344-3938-4D49-A4AF-E08F66D4EDD8}"
EndProject
Project("{9A19103F-16F7-4668-BE54-9A1E7A4F7556}") = "AirAstana.Flights.Data.InMemory", "Services\Flights\AirAstana.Flights.Data.InMemory\AirAstana.Flights.Data.InMemory.csproj", "{A7BFE48C-9B74-4AC7-BA0C-95A010904B97}"
EndProject
Project("{2150E333-8FDC-42A3-9474-1A3956D46DE8}") = "Tests", "Tests", "{E0F29544-8DC4-43F9-B542-EE0CD1D119AD}"
EndProject
Project("{9A19103F-16F7-4668-BE54-9A1E7A4F7556}") = "AirAstana.Flights.Data.UnitTests", "Services\Flights\Tests\AirAstana.Flights.Data.UnitTests\AirAstana.Flights.Data.UnitTests.csproj", "{0F544C94-9965-4401-8844-B3498805E998}"
EndProject
Project("{FAE04EC0-301F-11D3-BF4B-00C04F79EFBC}") = "AirAstana.Flights.Data.SqlServer", "Services\Flights\AirAstana.Flights.Data.SqlServer\AirAstana.Flights.Data.SqlServer.csproj", "{C0AA2838-5216-4024-84FE-5610615485BA}"
EndProject
Project("{2150E333-8FDC-42A3-9474-1A3956D46DE8}") = "ApplicationCore", "ApplicationCore", "{80E0CA5A-48A5-498D-8FEB-7944C5B6EF3C}"
EndProject
Project("{FAE04EC0-301F-11D3-BF4B-00C04F79EFBC}") = "AirAstana.Flights.Core", "Services\Flights\AirAstana.Flights.Core\AirAstana.Flights.Core.csproj", "{0FD5973A-2009-4E44-A8FE-AC0F0E64E711}"
EndProject
Project("{FAE04EC0-301F-11D3-BF4B-00C04F79EFBC}") = "AirAstana.Flights.Core.Autofac", "Services\Flights\AirAstana.Flights.Core.Autofac\AirAstana.Flights.Core.Autofac.csproj", "{4ACD1E48-F336-43B1-8AFD-71584ED841F4}"
EndProject
Global
	GlobalSection(SolutionConfigurationPlatforms) = preSolution
		Debug|Any CPU = Debug|Any CPU
		Release|Any CPU = Release|Any CPU
	EndGlobalSection
	GlobalSection(ProjectConfigurationPlatforms) = postSolution
		{45363AA1-215B-4182-834F-8C5EB2B9EDA4}.Debug|Any CPU.ActiveCfg = Debug|Any CPU
		{45363AA1-215B-4182-834F-8C5EB2B9EDA4}.Debug|Any CPU.Build.0 = Debug|Any CPU
		{45363AA1-215B-4182-834F-8C5EB2B9EDA4}.Release|Any CPU.ActiveCfg = Release|Any CPU
		{45363AA1-215B-4182-834F-8C5EB2B9EDA4}.Release|Any CPU.Build.0 = Release|Any CPU
		{E67C82A6-CE3C-4B58-9BFC-135408009A5D}.Debug|Any CPU.ActiveCfg = Debug|Any CPU
		{E67C82A6-CE3C-4B58-9BFC-135408009A5D}.Debug|Any CPU.Build.0 = Debug|Any CPU
		{E67C82A6-CE3C-4B58-9BFC-135408009A5D}.Release|Any CPU.ActiveCfg = Release|Any CPU
		{E67C82A6-CE3C-4B58-9BFC-135408009A5D}.Release|Any CPU.Build.0 = Release|Any CPU
		{BE618832-3A70-44C2-8F51-9F1812580FEC}.Debug|Any CPU.ActiveCfg = Debug|Any CPU
		{BE618832-3A70-44C2-8F51-9F1812580FEC}.Debug|Any CPU.Build.0 = Debug|Any CPU
		{BE618832-3A70-44C2-8F51-9F1812580FEC}.Release|Any CPU.ActiveCfg = Release|Any CPU
		{BE618832-3A70-44C2-8F51-9F1812580FEC}.Release|Any CPU.Build.0 = Release|Any CPU
		{731DA113-FFD1-4B8E-B581-BAB7C55A364E}.Debug|Any CPU.ActiveCfg = Debug|Any CPU
		{731DA113-FFD1-4B8E-B581-BAB7C55A364E}.Debug|Any CPU.Build.0 = Debug|Any CPU
		{731DA113-FFD1-4B8E-B581-BAB7C55A364E}.Release|Any CPU.ActiveCfg = Release|Any CPU
		{731DA113-FFD1-4B8E-B581-BAB7C55A364E}.Release|Any CPU.Build.0 = Release|Any CPU
		{D7067F61-2B19-4DE6-9367-0375940F0D1D}.Debug|Any CPU.ActiveCfg = Debug|Any CPU
		{D7067F61-2B19-4DE6-9367-0375940F0D1D}.Debug|Any CPU.Build.0 = Debug|Any CPU
		{D7067F61-2B19-4DE6-9367-0375940F0D1D}.Release|Any CPU.ActiveCfg = Release|Any CPU
		{D7067F61-2B19-4DE6-9367-0375940F0D1D}.Release|Any CPU.Build.0 = Release|Any CPU
		{C523715D-AEFC-4DB3-AB26-9EADAF309A2C}.Debug|Any CPU.ActiveCfg = Debug|Any CPU
		{C523715D-AEFC-4DB3-AB26-9EADAF309A2C}.Debug|Any CPU.Build.0 = Debug|Any CPU
		{C523715D-AEFC-4DB3-AB26-9EADAF309A2C}.Release|Any CPU.ActiveCfg = Release|Any CPU
		{C523715D-AEFC-4DB3-AB26-9EADAF309A2C}.Release|Any CPU.Build.0 = Release|Any CPU
		{54D76B87-BA66-4527-AE85-2DC9D4B12F24}.Debug|Any CPU.ActiveCfg = Debug|Any CPU
		{54D76B87-BA66-4527-AE85-2DC9D4B12F24}.Debug|Any CPU.Build.0 = Debug|Any CPU
		{54D76B87-BA66-4527-AE85-2DC9D4B12F24}.Release|Any CPU.ActiveCfg = Release|Any CPU
		{54D76B87-BA66-4527-AE85-2DC9D4B12F24}.Release|Any CPU.Build.0 = Release|Any CPU
		{69C9501B-DE7A-417D-881C-C9A9818575C3}.Debug|Any CPU.ActiveCfg = Debug|Any CPU
		{69C9501B-DE7A-417D-881C-C9A9818575C3}.Debug|Any CPU.Build.0 = Debug|Any CPU
		{69C9501B-DE7A-417D-881C-C9A9818575C3}.Release|Any CPU.ActiveCfg = Release|Any CPU
		{69C9501B-DE7A-417D-881C-C9A9818575C3}.Release|Any CPU.Build.0 = Release|Any CPU
		{522B91C3-4E1E-4B85-BB44-DC9C5FE35A58}.Debug|Any CPU.ActiveCfg = Debug|Any CPU
		{522B91C3-4E1E-4B85-BB44-DC9C5FE35A58}.Debug|Any CPU.Build.0 = Debug|Any CPU
		{522B91C3-4E1E-4B85-BB44-DC9C5FE35A58}.Release|Any CPU.ActiveCfg = Release|Any CPU
		{522B91C3-4E1E-4B85-BB44-DC9C5FE35A58}.Release|Any CPU.Build.0 = Release|Any CPU
		{FB9D3559-0C04-41CE-AB0B-2403D81A212F}.Debug|Any CPU.ActiveCfg = Debug|Any CPU
		{FB9D3559-0C04-41CE-AB0B-2403D81A212F}.Debug|Any CPU.Build.0 = Debug|Any CPU
		{FB9D3559-0C04-41CE-AB0B-2403D81A212F}.Release|Any CPU.ActiveCfg = Release|Any CPU
		{FB9D3559-0C04-41CE-AB0B-2403D81A212F}.Release|Any CPU.Build.0 = Release|Any CPU
		{224C8FFA-AE4B-4A09-A547-EE9001E85276}.Debug|Any CPU.ActiveCfg = Debug|Any CPU
		{224C8FFA-AE4B-4A09-A547-EE9001E85276}.Debug|Any CPU.Build.0 = Debug|Any CPU
		{224C8FFA-AE4B-4A09-A547-EE9001E85276}.Release|Any CPU.ActiveCfg = Release|Any CPU
		{224C8FFA-AE4B-4A09-A547-EE9001E85276}.Release|Any CPU.Build.0 = Release|Any CPU
		{44756246-7B05-4D05-995A-2BB9C3D87DE0}.Debug|Any CPU.ActiveCfg = Debug|Any CPU
		{44756246-7B05-4D05-995A-2BB9C3D87DE0}.Debug|Any CPU.Build.0 = Debug|Any CPU
		{44756246-7B05-4D05-995A-2BB9C3D87DE0}.Release|Any CPU.ActiveCfg = Release|Any CPU
		{44756246-7B05-4D05-995A-2BB9C3D87DE0}.Release|Any CPU.Build.0 = Release|Any CPU
		{BBA58736-38DF-4C95-B714-10B5D9252E2F}.Debug|Any CPU.ActiveCfg = Debug|Any CPU
		{BBA58736-38DF-4C95-B714-10B5D9252E2F}.Debug|Any CPU.Build.0 = Debug|Any CPU
		{BBA58736-38DF-4C95-B714-10B5D9252E2F}.Release|Any CPU.ActiveCfg = Release|Any CPU
		{BBA58736-38DF-4C95-B714-10B5D9252E2F}.Release|Any CPU.Build.0 = Release|Any CPU
		{B55EF3C9-D5BD-401D-A384-6C0AFEE69740}.Debug|Any CPU.ActiveCfg = Debug|Any CPU
		{B55EF3C9-D5BD-401D-A384-6C0AFEE69740}.Debug|Any CPU.Build.0 = Debug|Any CPU
		{B55EF3C9-D5BD-401D-A384-6C0AFEE69740}.Release|Any CPU.ActiveCfg = Release|Any CPU
		{B55EF3C9-D5BD-401D-A384-6C0AFEE69740}.Release|Any CPU.Build.0 = Release|Any CPU
		{60714267-6FB3-4724-848C-8C1AA4E65D4A}.Debug|Any CPU.ActiveCfg = Debug|Any CPU
		{60714267-6FB3-4724-848C-8C1AA4E65D4A}.Debug|Any CPU.Build.0 = Debug|Any CPU
		{60714267-6FB3-4724-848C-8C1AA4E65D4A}.Release|Any CPU.ActiveCfg = Release|Any CPU
		{60714267-6FB3-4724-848C-8C1AA4E65D4A}.Release|Any CPU.Build.0 = Release|Any CPU
		{E251F344-3938-4D49-A4AF-E08F66D4EDD8}.Debug|Any CPU.ActiveCfg = Debug|Any CPU
		{E251F344-3938-4D49-A4AF-E08F66D4EDD8}.Debug|Any CPU.Build.0 = Debug|Any CPU
		{E251F344-3938-4D49-A4AF-E08F66D4EDD8}.Release|Any CPU.ActiveCfg = Release|Any CPU
		{E251F344-3938-4D49-A4AF-E08F66D4EDD8}.Release|Any CPU.Build.0 = Release|Any CPU
		{A7BFE48C-9B74-4AC7-BA0C-95A010904B97}.Debug|Any CPU.ActiveCfg = Debug|Any CPU
		{A7BFE48C-9B74-4AC7-BA0C-95A010904B97}.Debug|Any CPU.Build.0 = Debug|Any CPU
		{A7BFE48C-9B74-4AC7-BA0C-95A010904B97}.Release|Any CPU.ActiveCfg = Release|Any CPU
		{A7BFE48C-9B74-4AC7-BA0C-95A010904B97}.Release|Any CPU.Build.0 = Release|Any CPU
		{0F544C94-9965-4401-8844-B3498805E998}.Debug|Any CPU.ActiveCfg = Debug|Any CPU
		{0F544C94-9965-4401-8844-B3498805E998}.Debug|Any CPU.Build.0 = Debug|Any CPU
		{0F544C94-9965-4401-8844-B3498805E998}.Release|Any CPU.ActiveCfg = Release|Any CPU
		{0F544C94-9965-4401-8844-B3498805E998}.Release|Any CPU.Build.0 = Release|Any CPU
		{C0AA2838-5216-4024-84FE-5610615485BA}.Debug|Any CPU.ActiveCfg = Debug|Any CPU
		{C0AA2838-5216-4024-84FE-5610615485BA}.Debug|Any CPU.Build.0 = Debug|Any CPU
		{C0AA2838-5216-4024-84FE-5610615485BA}.Release|Any CPU.ActiveCfg = Release|Any CPU
		{C0AA2838-5216-4024-84FE-5610615485BA}.Release|Any CPU.Build.0 = Release|Any CPU
		{0FD5973A-2009-4E44-A8FE-AC0F0E64E711}.Debug|Any CPU.ActiveCfg = Debug|Any CPU
		{0FD5973A-2009-4E44-A8FE-AC0F0E64E711}.Debug|Any CPU.Build.0 = Debug|Any CPU
		{0FD5973A-2009-4E44-A8FE-AC0F0E64E711}.Release|Any CPU.ActiveCfg = Release|Any CPU
		{0FD5973A-2009-4E44-A8FE-AC0F0E64E711}.Release|Any CPU.Build.0 = Release|Any CPU
		{4ACD1E48-F336-43B1-8AFD-71584ED841F4}.Debug|Any CPU.ActiveCfg = Debug|Any CPU
		{4ACD1E48-F336-43B1-8AFD-71584ED841F4}.Debug|Any CPU.Build.0 = Debug|Any CPU
		{4ACD1E48-F336-43B1-8AFD-71584ED841F4}.Release|Any CPU.ActiveCfg = Release|Any CPU
		{4ACD1E48-F336-43B1-8AFD-71584ED841F4}.Release|Any CPU.Build.0 = Release|Any CPU
	EndGlobalSection
	GlobalSection(SolutionProperties) = preSolution
		HideSolutionNode = FALSE
	EndGlobalSection
	GlobalSection(NestedProjects) = preSolution
		{28769D42-D00F-4975-8541-28E9656775B9} = {D450F987-7D4A-4463-B9B0-025374AB2DA7}
		{45363AA1-215B-4182-834F-8C5EB2B9EDA4} = {B7A2346E-0C49-4626-BA0F-A322A8A8502B}
		{E67C82A6-CE3C-4B58-9BFC-135408009A5D} = {B7A2346E-0C49-4626-BA0F-A322A8A8502B}
		{BE618832-3A70-44C2-8F51-9F1812580FEC} = {28769D42-D00F-4975-8541-28E9656775B9}
		{731DA113-FFD1-4B8E-B581-BAB7C55A364E} = {27C1564B-FF1B-458F-AA97-C4E9FAD307AA}
		{D7067F61-2B19-4DE6-9367-0375940F0D1D} = {5FCCCC89-63F6-447F-AE9F-35AB7E62CD0D}
		{C523715D-AEFC-4DB3-AB26-9EADAF309A2C} = {09CB8E95-1A21-4E95-BDCC-6E77BE39D4D5}
		{54D76B87-BA66-4527-AE85-2DC9D4B12F24} = {27C1564B-FF1B-458F-AA97-C4E9FAD307AA}
		{69C9501B-DE7A-417D-881C-C9A9818575C3} = {D20C4C35-83EF-4D5B-814F-34BB12B3A1B1}
		{D20C4C35-83EF-4D5B-814F-34BB12B3A1B1} = {28769D42-D00F-4975-8541-28E9656775B9}
		{B7A2346E-0C49-4626-BA0F-A322A8A8502B} = {28769D42-D00F-4975-8541-28E9656775B9}
		{5FCCCC89-63F6-447F-AE9F-35AB7E62CD0D} = {28769D42-D00F-4975-8541-28E9656775B9}
		{09CB8E95-1A21-4E95-BDCC-6E77BE39D4D5} = {28769D42-D00F-4975-8541-28E9656775B9}
		{27C1564B-FF1B-458F-AA97-C4E9FAD307AA} = {28769D42-D00F-4975-8541-28E9656775B9}
		{1428D79F-79D7-4DFB-831A-A27D928568A2} = {28769D42-D00F-4975-8541-28E9656775B9}
		{522B91C3-4E1E-4B85-BB44-DC9C5FE35A58} = {1428D79F-79D7-4DFB-831A-A27D928568A2}
		{B96FF09B-4D46-46E1-B7DB-9F5AD6D2B0E9} = {28769D42-D00F-4975-8541-28E9656775B9}
		{FB9D3559-0C04-41CE-AB0B-2403D81A212F} = {B96FF09B-4D46-46E1-B7DB-9F5AD6D2B0E9}
		{224C8FFA-AE4B-4A09-A547-EE9001E85276} = {EDB8749A-B423-4E03-99F4-B04AB746F70A}
		{44756246-7B05-4D05-995A-2BB9C3D87DE0} = {D20C4C35-83EF-4D5B-814F-34BB12B3A1B1}
		{BBA58736-38DF-4C95-B714-10B5D9252E2F} = {1428D79F-79D7-4DFB-831A-A27D928568A2}
		{B55EF3C9-D5BD-401D-A384-6C0AFEE69740} = {1428D79F-79D7-4DFB-831A-A27D928568A2}
		{232830AD-701C-42F4-9EA5-D4F311F78E94} = {D450F987-7D4A-4463-B9B0-025374AB2DA7}
		{CB8936CE-F3F5-46E4-89C0-8F64A5EE3929} = {232830AD-701C-42F4-9EA5-D4F311F78E94}
		{60714267-6FB3-4724-848C-8C1AA4E65D4A} = {CB8936CE-F3F5-46E4-89C0-8F64A5EE3929}
		{22CE281D-D67B-4C46-850C-F5D8429DEF4A} = {232830AD-701C-42F4-9EA5-D4F311F78E94}
		{E251F344-3938-4D49-A4AF-E08F66D4EDD8} = {22CE281D-D67B-4C46-850C-F5D8429DEF4A}
		{A7BFE48C-9B74-4AC7-BA0C-95A010904B97} = {22CE281D-D67B-4C46-850C-F5D8429DEF4A}
		{E0F29544-8DC4-43F9-B542-EE0CD1D119AD} = {232830AD-701C-42F4-9EA5-D4F311F78E94}
		{0F544C94-9965-4401-8844-B3498805E998} = {E0F29544-8DC4-43F9-B542-EE0CD1D119AD}
		{C0AA2838-5216-4024-84FE-5610615485BA} = {22CE281D-D67B-4C46-850C-F5D8429DEF4A}
		{80E0CA5A-48A5-498D-8FEB-7944C5B6EF3C} = {232830AD-701C-42F4-9EA5-D4F311F78E94}
		{0FD5973A-2009-4E44-A8FE-AC0F0E64E711} = {80E0CA5A-48A5-498D-8FEB-7944C5B6EF3C}
		{4ACD1E48-F336-43B1-8AFD-71584ED841F4} = {80E0CA5A-48A5-498D-8FEB-7944C5B6EF3C}
	EndGlobalSection
	GlobalSection(ExtensibilityGlobals) = postSolution
		SolutionGuid = {D273FF58-B7B8-4208-BD66-79BF76404633}
	EndGlobalSection
EndGlobal
